version = 1
revision = 3
requires-python = ">=3.11, <3.15"

[[package]]
name = "ansicon"
version = "1.89.0"
source = { registry = "https://pypi.org/simple" }
sdist = { url = "https://files.pythonhosted.org/packages/b6/e2/1c866404ddbd280efedff4a9f15abfe943cb83cde6e895022370f3a61f85/ansicon-1.89.0.tar.gz", hash = "sha256:e4d039def5768a47e4afec8e89e83ec3ae5a26bf00ad851f914d1240b444d2b1", size = 67312, upload-time = "2019-04-29T20:23:57.314Z" }
wheels = [
    { url = "https://files.pythonhosted.org/packages/75/f9/f1c10e223c7b56a38109a3f2eb4e7fe9a757ea3ed3a166754fb30f65e466/ansicon-1.89.0-py2.py3-none-any.whl", hash = "sha256:f1def52d17f65c2c9682cf8370c03f541f410c1752d6a14029f97318e4b9dfec", size = 63675, upload-time = "2019-04-29T20:23:53.83Z" },
]

[[package]]
name = "backports-tarfile"
version = "1.2.0"
source = { registry = "https://pypi.org/simple" }
sdist = { url = "https://files.pythonhosted.org/packages/86/72/cd9b395f25e290e633655a100af28cb253e4393396264a98bd5f5951d50f/backports_tarfile-1.2.0.tar.gz", hash = "sha256:d75e02c268746e1b8144c278978b6e98e85de6ad16f8e4b0844a154557eca991", size = 86406, upload-time = "2024-05-28T17:01:54.731Z" }
wheels = [
    { url = "https://files.pythonhosted.org/packages/b9/fa/123043af240e49752f1c4bd24da5053b6bd00cad78c2be53c0d1e8b975bc/backports.tarfile-1.2.0-py3-none-any.whl", hash = "sha256:77e284d754527b01fb1e6fa8a1afe577858ebe4e9dad8919e34c862cb399bc34", size = 30181, upload-time = "2024-05-28T17:01:53.112Z" },
]

[[package]]
name = "blessed"
version = "1.48.0"
source = { registry = "https://pypi.org/simple" }
dependencies = [
    { name = "jinxed" },
    { name = "wcwidth" },
]
sdist = { url = "https://files.pythonhosted.org/packages/23/1b/b7c3971c1b34e6fe32ffcb00be769769cbb8ccaf0678aa9bb6f23aea677a/blessed-1.48.0.tar.gz", hash = "sha256:5ed4c0d40d0121669ef949e4f23465982614eb821bd110d1d5a98ed97dea13d8", size = 14036135, upload-time = "2026-08-07T17:35:44.794Z" }
wheels = [
    { url = "https://files.pythonhosted.org/packages/a3/3e/6e6ba6c809688332d2f8450371e672c76f7e8e73574aba9dfe89b55eb900/blessed-1.48.0-py3-none-any.whl", hash = "sha256:c4ce01cba220f41d2ff244e9829cb4ef2390a26ace8ce1687b8bced1613676e5", size = 131267, upload-time = "2026-08-07T17:35:42.469Z" },
]

[[package]]
name = "boto3"
version = "1.43.70"
source = { registry = "https://pypi.org/simple" }
dependencies = [
    { name = "botocore" },
    { name = "jmespath" },
    { name = "s3transfer" },
]
sdist = { url = "https://files.pythonhosted.org/packages/f6/20/68434d996c767e860329d78f2aaf1d7456173ba45f8d6fb8f4a394b85667/boto3-1.43.70.tar.gz", hash = "sha256:4f1e16b9eebbad3f312bb6fbf7685d40abdd52a691485cb9f09e7df60d912b41", size = 112688, upload-time = "2026-08-12T19:23:35.485Z" }
wheels = [
    { url = "https://files.pythonhosted.org/packages/6e/d1/c95cae121ef5b77ecec08cb8e045eeb2a2c8ec605a5734b6f24bfb3a6326/boto3-1.43.70-py3-none-any.whl", hash = "sha256:b9399cce51bec9552e61a6b85015c42dea68752e79c00a7005d84eaf7ee15fef", size = 140028, upload-time = "2026-08-12T19:23:33.804Z" },
]

[[package]]
name = "botocore"
version = "1.43.70"
source = { registry = "https://pypi.org/simple" }
dependencies = [
    { name = "jmespath" },
    { name = "python-dateutil" },
    { name = "urllib3" },
]
sdist = { url = "https://files.pythonhosted.org/packages/2f/1a/ad4ff28cd0caa8ff4f39f18491169dc9ff4b2e359589be1f7108048e1915/botocore-1.43.70.tar.gz", hash = "sha256:a7bebdd0b1c8265e72759a4f7f61e9e43d57968b2c2a5e1e7b350d0a1e3ce81c", size = 15936837, upload-time = "2026-08-12T19:23:30.58Z" }
wheels = [
    { url = "https://files.pythonhosted.org/packages/69/b2/c16b4e2e7ccab1f0887c22fbe2d9859ceb4d35fb637cce8a380d51b52b06/botocore-1.43.70-py3-none-any.whl", hash = "sha256:95bc23a6472f8876349ae334b526e66006f6cf3c87bf39d3e9f057dc8c2eb85f", size = 15628519, upload-time = "2026-08-12T19:23:27.38Z" },
]

[[package]]
name = "cffi"
version = "2.1.1"
source = { registry = "https://pypi.org/simple" }
dependencies = [
    { name = "pycparser", marker = "implementation_name != 'PyPy'" },
]
sdist = { url = "https://files.pythonhosted.org/packages/9e/ef/008a1939e372c06329a3fce4279c02f328488f3526744906eeec3da7ad5f/cffi-2.1.1.tar.gz", hash = "sha256:dd31f52ea1086513bb9df30f8fcee9b8918323ae067a3d5b78bc826a000712be", size = 530807, upload-time = "2026-08-03T21:21:18.939Z" }
wheels = [
    { url = "https://files.pythonhosted.org/packages/ad/5a/4707a0dc1f203f5dde5a907b0d4e3c25d71120241048bd5bc6f1bb9d4e71/cffi-2.1.1-cp311-cp311-manylinux1_i686.manylinux2014_i686.manylinux_2_17_i686.manylinux_2_5_i686.whl", hash = "sha256:154852545011f779917b11c78db2358d095da62a9a172b78ad0a583ee5adc0d0", size = 211805, upload-time = "2026-08-03T21:19:31.867Z" },
    { url = "https://files.pythonhosted.org/packages/ad/66/c19feabb28485b6e0bbaaafa90837a1ef5d302e90f2178bd33f17a49879b/cffi-2.1.1-cp311-cp311-manylinux2014_aarch64.manylinux_2_17_aarch64.whl", hash = "sha256:3311ed60d36f83378794e1009ac6258bafbf81f7888b4caa7b35a521e3f95813", size = 218716, upload-time = "2026-08-03T21:19:32.896Z" },
    { url = "https://files.pythonhosted.org/packages/a7/92/500760486c8baab49a7a8a58ba7fc3355ec3974b454b8a09e528efde9e1d/cffi-2.1.1-cp311-cp311-manylinux2014_ppc64le.manylinux_2_17_ppc64le.whl", hash = "sha256:6e192623c49c94421616a5778fba35cf0d5a8d000650c1967ef4448ee5cdd990", size = 205569, upload-time = "2026-08-03T21:19:34.142Z" },
    { url = "https://files.pythonhosted.org/packages/a5/a7/a67c733254d6e7373f7822f8082d8d6beade791e0cf12a7611f376fa61c7/cffi-2.1.1-cp311-cp311-manylinux2014_s390x.manylinux_2_17_s390x.whl", hash = "sha256:a6e721d4b0e45d5b65e87534470e67b18dcd092c83f68fba09f152b9cbc061af", size = 204907, upload-time = "2026-08-03T21:19:35.174Z" },
    { url = "https://files.pythonhosted.org/packages/f7/a4/4399daaf8f7dfee9d7c3327fdb0426ee041cc63edc358b93911ceb2bfc7a/cffi-2.1.1-cp311-cp311-manylinux2014_x86_64.manylinux_2_17_x86_64.whl", hash = "sha256:34e261f78cb6ceaaa36f42f2613f4380d94d9c759a9c73c769ee6e0247364632", size = 217807, upload-time = "2026-08-03T21:19:36.286Z" },
    { url = "https://files.pythonhosted.org/packages/28/f7/dabe6da2466ecbd82dc62e7342dc6b1065dad990c06f00f0ede9ebf2a0ed/cffi-2.1.1-cp311-cp311-musllinux_1_2_aarch64.whl", hash = "sha256:7225e4514edb64eb6740324353e0da0711954fd8d7da4576755b1c6e09b697cd", size = 221252, upload-time = "2026-08-03T21:19:37.416Z" },
    { url = "https://files.pythonhosted.org/packages/ce/87/616202d8e51342c07d2534c510111c4cc37201775ce8f60802c9335d1edd/cffi-2.1.1-cp311-cp311-musllinux_1_2_i686.whl", hash = "sha256:df913725b79db7bcf03448f36b7bf8815363417d5b58deecf9305e3e30f0f21a", size = 214214, upload-time = "2026-08-03T21:19:38.507Z" },
    { url = "https://files.pythonhosted.org/packages/b4/c6/ab025d75d2c26c19b087c0124e75ee31cb65032f4fe345d356d8c507ab97/cffi-2.1.1-cp311-cp311-musllinux_1_2_x86_64.whl", hash = "sha256:f5cfbc5fe74540d335175b656c725d74d90e3730c626d92575eea35029d9afaa", size = 219408, upload-time = "2026-08-03T21:19:39.809Z" },
    { url = "https://files.pythonhosted.org/packages/56/e6/8941622732edec876dd17d0453dce07317ae96db34f2ec1436c9d3785986/cffi-2.1.1-cp312-cp312-manylinux1_i686.manylinux2014_i686.manylinux_2_17_i686.manylinux_2_5_i686.whl", hash = "sha256:811bd1e21d32de12efca32393a0ab3f5133b54fce9bd44b8bd77ab07da14bf6a", size = 214799, upload-time = "2026-08-03T21:19:47.218Z" },
    { url = "https://files.pythonhosted.org/packages/44/de/f98430906df1545ffde0d543dd124a7a439bc2cd32b36b9c53f805df7333/cffi-2.1.1-cp312-cp312-manylinux2014_aarch64.manylinux_2_17_aarch64.whl", hash = "sha256:68e62fe11f30d5ca8289242866f0a5291402d8529ca2178ab8afc5c9694ae890", size = 222389, upload-time = "2026-08-03T21:19:48.331Z" },
    { url = "https://files.pythonhosted.org/packages/6a/5b/717f1526b9957b34456313c31645c5b82b8fb5c3fe9e4752999be7128bfc/cffi-2.1.1-cp312-cp312-manylinux2014_ppc64le.manylinux_2_17_ppc64le.whl", hash = "sha256:4a7c934f7360e8cd64fe9efadcbd10c7c6364f531e432b9a4bf5ccbc9e0e8b50", size = 210249, upload-time = "2026-08-03T21:19:49.543Z" },
    { url = "https://files.pythonhosted.org/packages/64/b3/f8aa4f3e34986c7e4ec45072d1b1b9dd295b6b18007b45518d79726dd725/cffi-2.1.1-cp312-cp312-manylinux2014_s390x.manylinux_2_17_s390x.whl", hash = "sha256:3143d81e29e1e20a9ce10901ec369012947876596f75a222235965f2b7ae832e", size = 208775, upload-time = "2026-08-03T21:19:50.918Z" },
    { url = "https://files.pythonhosted.org/packages/b1/db/dceb9dd5b231e1da801793f8acc9f3c52a7e1afe40bb1aae37e02b0faad5/cffi-2.1.1-cp312-cp312-manylinux2014_x86_64.manylinux_2_17_x86_64.whl", hash = "sha256:c1453022f490d2459a11819d83ad1d586e9ff65a12ac3e705ffebd46d3685dcf", size = 221822, upload-time = "2026-08-03T21:19:52.054Z" },
    { url = "https://files.pythonhosted.org/packages/a0/d2/6cd24ae3be000a634109c247d1475d62e5616d0dc78c82770942ec384248/cffi-2.1.1-cp312-cp312-musllinux_1_2_aarch64.whl", hash = "sha256:208f941bb9d18e768138677f0a6d2ce01f590df56043dda1df1535ac57c88517", size = 225232, upload-time = "2026-08-03T21:19:53.109Z" },
    { url = "https://files.pythonhosted.org/packages/cb/52/3fa190537004dd7f0ab860a6dc7c0175b8667f68d1e618a46f5498d30250/cffi-2.1.1-cp312-cp312-musllinux_1_2_x86_64.whl", hash = "sha256:210019b6c7cf07f081b4c54635c8cf744377001350e29cc0f81c4377b4797735", size = 223597, upload-time = "2026-08-03T21:19:54.515Z" },
    { url = "https://files.pythonhosted.org/packages/9d/f4/035513d4117049066b4779dc3b7c0c0fdad175fa13731c9f4003f1cd1478/cffi-2.1.1-cp313-cp313-ios_13_0_arm64_iphoneos.whl", hash = "sha256:b5bdfd1c873d4e093aabc0ca84c4ca6dbc4f752afb5c86f146d9742580c9da2e", size = 194248, upload-time = "2026-08-03T21:19:59.399Z" },
    { url = "https://files.pythonhosted.org/packages/76/af/2aeb4dbb5fc41a04161ae9ff1518de7cec08e164f44a8ce6a4cf7fd2cd1d/cffi-2.1.1-cp313-cp313-ios_13_0_arm64_iphonesimulator.whl", hash = "sha256:31348097ff5bbe827ccc41795d4dd099d9f0625e7def00ee653c137a490c2a6c", size = 196908, upload-time = "2026-08-03T21:20:00.746Z" },
    { url = "https://files.pythonhosted.org/packages/43/1f/1c3d90d91811c8f86ced9ed637956c54bfe5b79ca98fe976d7f8c8979f6b/cffi-2.1.1-cp313-cp313-manylinux1_i686.manylinux2014_i686.manylinux_2_17_i686.manylinux_2_5_i686.whl", hash = "sha256:6a8dddef476fab96d066d578fc88526767b836ab5ab21754e1d5bf3879c31c7c", size = 214722, upload-time = "2026-08-03T21:20:04.377Z" },
    { url = "https://files.pythonhosted.org/packages/37/6f/3b5ce4c3b2192d250f04908f2bfd91ef34552ec8f7716a5d4abdb8d67bb2/cffi-2.1.1-cp313-cp313-manylinux2014_aarch64.manylinux_2_17_aarch64.whl", hash = "sha256:f16c709686a78c727bbbf059f92b0bf41c6fc60deec706d2dc19f529175a6125", size = 222369, upload-time = "2026-08-03T21:20:05.544Z" },
    { url = "https://files.pythonhosted.org/packages/02/10/4b3c75dde3d9663c9e02ba05c2668b954f671d4bbe346413ca8c696b295a/cffi-2.1.1-cp313-cp313-manylinux2014_ppc64le.manylinux_2_17_ppc64le.whl", hash = "sha256:fcd22650c908d7b7da162bbfaab594a1227a15d1643a98c68b122ac642fa2264", size = 210175, upload-time = "2026-08-03T21:20:06.75Z" },
    { url = "https://files.pythonhosted.org/packages/df/62/14f74b9543e605d17701dc797b815958b8bb70b7624ce1b832ddad48ed6c/cffi-2.1.1-cp313-cp313-manylinux2014_s390x.manylinux_2_17_s390x.whl", hash = "sha256:aa9511c62d14da7aacc9b4bf51f3f697a621e83b2d6919008243c3aad168eea3", size = 208670, upload-time = "2026-08-03T21:20:08.04Z" },
    { url = "https://files.pythonhosted.org/packages/95/95/86342356ff5953b3fb06f7ef7c5bee212d45e770abc7218d451b9148313c/cffi-2.1.1-cp313-cp313-manylinux2014_x86_64.manylinux_2_17_x86_64.whl", hash = "sha256:a931079504ecc49efed7744c476a5c343a92fabf66dec2db95edb1b2fdc770e2", size = 221824, upload-time = "2026-08-03T21:20:09.274Z" },
    { url = "https://files.pythonhosted.org/packages/eb/ff/7b3429ff53aafe931ed8a5fc69f481bbef7ba6de87ddcbb63d08f483f613/cffi-2.1.1-cp313-cp313-musllinux_1_2_aarch64.whl", hash = "sha256:a2d7755bef5a12ed488f4ef1f1b69ee9191d7396083b755a5d2295f6edb4768b", size = 225148, upload-time = "2026-08-03T21:20:10.7Z" },
    { url = "https://files.pythonhosted.org/packages/34/34/a95870b9221e09cf4f2ce3178b1a210abdfe63a1bd357da940418d7b8d15/cffi-2.1.1-cp313-cp313-musllinux_1_2_x86_64.whl", hash = "sha256:e0bcb7e0f677f543555d2adff3bf19c05f66cdb4796e5ff602442ab2fe3c4ef7", size = 223564, upload-time = "2026-08-03T21:20:12.165Z" },
    { url = "https://files.pythonhosted.org/packages/d3/7b/d6bbf82b8b96e7391438898c42f5bd96dd02030fd5b64937d248220003e2/cffi-2.1.1-cp314-cp314-ios_13_0_arm64_iphoneos.whl", hash = "sha256:7dbb61fe3a7699468030f71bbe5f8a0e326a151daa91beb11a6fc1f980c55e1c", size = 194064, upload-time = "2026-08-03T21:20:17.148Z" },
    { url = "https://files.pythonhosted.org/packages/94/e6/bcc91b283be94735e268487a054004f0aa19947b6348fa367db53230abc8/cffi-2.1.1-cp314-cp314-ios_13_0_arm64_iphonesimulator.whl", hash = "sha256:f24fb43132a4c6b4cb4eb029492919b2db645be6808d738f244fd146c03c32cb", size = 196720, upload-time = "2026-08-03T21:20:18.268Z" },
    { url = "https://files.pythonhosted.org/packages/67/b8/b42132ca113dc567d37684437b46ca1dafc885902b02a110a02d5b511857/cffi-2.1.1-cp314-cp314-manylinux2014_aarch64.manylinux_2_17_aarch64.whl", hash = "sha256:58acb8ab8e295e6c5ea12f888cbb13cf21511ef2a3303a23f4325c29d17fe5c1", size = 222328, upload-time = "2026-08-03T21:20:22.118Z" },
    { url = "https://files.pythonhosted.org/packages/80/10/c5c0cbf0a657aecf59ef511409734230bf556f05a0d6c9eed7aa5c0a0166/cffi-2.1.1-cp314-cp314-manylinux2014_ppc64le.manylinux_2_17_ppc64le.whl", hash = "sha256:456a61fa52d579ebf9df2e9552ead5129855dbaff6c1e5a9b1bc408809bdc062", size = 209985, upload-time = "2026-08-03T21:20:23.401Z" },
    { url = "https://files.pythonhosted.org/packages/d5/6c/bfa0b87b03b9238148beca990292843c9396ba069b54496596594173de7b/cffi-2.1.1-cp314-cp314-manylinux2014_s390x.manylinux_2_17_s390x.whl", hash = "sha256:a4f00aa42f75d6e4595e8866e748cc1705adc0cddfeb2ca86d0d03993d63ba03", size = 208530, upload-time = "2026-08-03T21:20:24.628Z" },
    { url = "https://files.pythonhosted.org/packages/e9/02/4e7d553a7ac4b4238b38b3c1b80d486e9d4436f8d2acbf87a0997fe3f402/cffi-2.1.1-cp314-cp314-manylinux2014_x86_64.manylinux_2_17_x86_64.whl", hash = "sha256:b0431303acaea1089ad4b3e9ce4e6518193def1118d4073ca848635ee4ea2e96", size = 221525, upload-time = "2026-08-03T21:20:25.758Z" },
    { url = "https://files.pythonhosted.org/packages/82/1d/a4aaf9babd75acb4d5f223bff71533bee748dd770a382619a798960ee9ba/cffi-2.1.1-cp314-cp314-musllinux_1_2_aarch64.whl", hash = "sha256:64faea20f4e2613363a1a9b9c7dd73058f3ecd00133a511e72ad7c511658f527", size = 225053, upload-time = "2026-08-03T21:20:26.985Z" },
    { url = "https://files.pythonhosted.org/packages/81/10/5dc0e7bdd18e22107054288283380fc97a06ae3f1656a106908d666a3c88/cffi-2.1.1-cp314-cp314-musllinux_1_2_x86_64.whl", hash = "sha256:5c58fe613dc5e5336357eff555824a314d8e43282600435c8d1cb6a7a2fedd13", size = 223213, upload-time = "2026-08-03T21:20:28.277Z" },
    { url = "https://files.pythonhosted.org/packages/2a/9c/92934c3bea9f785b23eba304538c0b4d37a2a96d2431eb3a1bc87a11aa19/cffi-2.1.1-cp314-cp314t-manylinux2014_aarch64.manylinux_2_17_aarch64.whl", hash = "sha256:49cbc70e6542d4ccccb936558d1064a8012541e78f821f955cff24e357776c94", size = 223864, upload-time = "2026-08-03T21:20:32.571Z" },
    { url = "https://files.pythonhosted.org/packages/4d/45/ba4c93527bc38616a8bd36488acb69a2212d60486794f0c1f318949bbb76/cffi-2.1.1-cp314-cp314t-manylinux2014_ppc64le.manylinux_2_17_ppc64le.whl", hash = "sha256:e2d65b31f36619cda3999b78b2aa9632e76b78448e7a56fc4240824200e7c4fc", size = 211538, upload-time = "2026-08-03T21:20:33.808Z" },
    { url = "https://files.pythonhosted.org/packages/80/e9/b6ef565e452acb932fb0cb5443f44a78efbd1233e566f02b5a83855e9115/cffi-2.1.1-cp314-cp314t-manylinux2014_s390x.manylinux_2_17_s390x.whl", hash = "sha256:28907ab9bfb6aa13184cfc17c6b8e1023c5ab6fd7076d8c20a35e59fe04f8f29", size = 210688, upload-time = "2026-08-03T21:20:34.974Z" },
    { url = "https://files.pythonhosted.org/packages/9a/95/eff5f0cee78d2eabc7eebffec40d3fc1876b5f3c95582e018bb4b99601f2/cffi-2.1.1-cp314-cp314t-manylinux2014_x86_64.manylinux_2_17_x86_64.whl", hash = "sha256:51b31d1c98274844cfd7838ce00bfc27c7423a4dc00fc0772fc3331c2cc90676", size = 223803, upload-time = "2026-08-03T21:20:36.564Z" },
    { url = "https://files.pythonhosted.org/packages/fa/01/579d39fb8bef00a335a23d83757b44feb24cd6345a2c451b64cb67b9c362/cffi-2.1.1-cp314-cp314t-musllinux_1_2_aarch64.whl", hash = "sha256:5e7cecbaadb83884793e05828cee59b210b24583b9c7425d0ba6a754fe22eb4e", size = 226763, upload-time = "2026-08-03T21:20:37.816Z" },
    { url = "https://files.pythonhosted.org/packages/8d/b0/0b44f47c60b01b57b6e2bbd92343f13a85a1d93bc46ccf6e47e244acd99c/cffi-2.1.1-cp314-cp314t-musllinux_1_2_x86_64.whl", hash = "sha256:25792eac27877609e7bb06d42ff88278a6624fff2ba9bbb523c09616b117e80f", size = 225688, upload-time = "2026-08-03T21:20:38.959Z" },
]

[[package]]
name = "cloud-fusion"
source = { editable = "." }
dependencies = [
    { name = "boto3" },
    { name = "inquirer" },
    { name = "keyring" },
    { name = "pyperclip" },
]

[package.metadata]
requires-dist = [
    { name = "boto3", specifier = ">=1.43.18" },
    { name = "inquirer", specifier = ">=3.4.1" },
    { name = "keyring", specifier = ">=25.7.0" },
    { name = "pyperclip", specifier = ">=1.11.0" },
]

[[package]]
name = "cryptography"
version = "50.0.0"
source = { registry = "https://pypi.org/simple" }
dependencies = [
    { name = "cffi", marker = "platform_python_implementation != 'PyPy'" },
]
sdist = { url = "https://files.pythonhosted.org/packages/de/41/6cbdcf9142d00fe82836fbb51e503e58088575cf7a0fe1dbff6695bf0840/cryptography-50.0.0.tar.gz", hash = "sha256:eeac2acb5a20ed25e0ad6d1df9891a520b78b404266b6d11778f25d5d691a6c9", size = 880201, upload-time = "2026-07-31T14:25:10.11Z" }
wheels = [
    { url = "https://files.pythonhosted.org/packages/57/ef/8f2df13c7216bcad3e1c74e07f6e193d93e998e114f524a53877c9af27ad/cryptography-50.0.0-cp311-abi3-manylinux2014_aarch64.manylinux_2_17_aarch64.whl", hash = "sha256:fd9192b7b70c573d7f214eb1ae35e00d359f6f5e4b27c7e21e30de1fc6204645", size = 4719554, upload-time = "2026-07-31T14:23:35.611Z" },
    { url = "https://files.pythonhosted.org/packages/d9/41/029086c34d91052fc3b88bcc8056f709a7c915c7a23b235a54eb800b1c97/cryptography-50.0.0-cp311-abi3-manylinux2014_x86_64.manylinux_2_17_x86_64.whl", hash = "sha256:06a32a980526a6ab9a4b9bf8f7385800791e2bb960903cb6b530e4817509a3b7", size = 4702130, upload-time = "2026-07-31T14:23:37.635Z" },
    { url = "https://files.pythonhosted.org/packages/7d/ff/b6ce0954962e7f7b969f850a883744197bb3910bdfd7b6da162eab7d9f68/cryptography-50.0.0-cp311-abi3-manylinux_2_28_aarch64.whl", hash = "sha256:a1b30560f2acc95aa8b2e06e716a13dbfc97314747b80d9707e307f77b40d6b3", size = 4725244, upload-time = "2026-07-31T14:23:39.471Z" },
    { url = "https://files.pythonhosted.org/packages/06/1e/63a1027cb7fec360a182208e1b7767d5aa1fe57be3d6aa856e69a321edc0/cryptography-50.0.0-cp311-abi3-manylinux_2_28_ppc64le.whl", hash = "sha256:8d89f3976b10b4ce31118de72329025f70d2c6ead14a8217c5514dd2c6d5a78f", size = 5342265, upload-time = "2026-07-31T14:23:41.286Z" },
    { url = "https://files.pythonhosted.org/packages/6b/72/a1116d683a6d7ece94590013882515de087edf9ef0e6292aae615a44df73/cryptography-50.0.0-cp311-abi3-manylinux_2_28_x86_64.whl", hash = "sha256:b42a28c1844fd9de8f3f7d540e36b66f3a9c83fceac7170ebc7a6a19edd9dcae", size = 4734609, upload-time = "2026-07-31T14:23:43.139Z" },
    { url = "https://files.pythonhosted.org/packages/15/37/36a9c479bbe49acea2636c7fd3360d20f7b7e079c300352011c44850b181/cryptography-50.0.0-cp311-abi3-manylinux_2_31_armv7l.whl", hash = "sha256:900131fafd8aead39ac7dd3a7e833be754c17a95cfd91221636949fe4eb0aa8a", size = 4356517, upload-time = "2026-07-31T14:23:44.939Z" },
    { url = "https://files.pythonhosted.org/packages/32/98/8a151d64367204cbc63ec65d37502f1d9c53cf4bfc6ec3c532614dbec60d/cryptography-50.0.0-cp311-abi3-manylinux_2_34_aarch64.whl", hash = "sha256:07949c449a1abcf60d1ee6e88956d89404c7df3c8258f46589e912988e551987", size = 4724529, upload-time = "2026-07-31T14:23:46.93Z" },
    { url = "https://files.pythonhosted.org/packages/22/f6/ec13b470172126464a86bf54d2294a46d29837fc51ba3e45d4047946fb5e/cryptography-50.0.0-cp311-abi3-manylinux_2_34_ppc64le.whl", hash = "sha256:f89831ef99dd7dd169ab06d63a831adb9e20a87aac6d380266bbda5823349169", size = 5299852, upload-time = "2026-07-31T14:23:48.851Z" },
    { url = "https://files.pythonhosted.org/packages/da/3a/f05e32c99d440c9bb891ea0e36c9091891e36be5a9a87ab2ee6ea20729f6/cryptography-50.0.0-cp311-abi3-manylinux_2_34_x86_64.whl", hash = "sha256:82148ec5bddac30b51a5b3c1945075f896fa022cb93f8e4a01e9f6ee95292c5f", size = 4734462, upload-time = "2026-07-31T14:23:50.861Z" },
    { url = "https://files.pythonhosted.org/packages/ca/dc/bd72b26be8953f80625f63151efd38eee71c76ca6cf591c08ff34615a79e/cryptography-50.0.0-cp311-abi3-musllinux_1_2_aarch64.whl", hash = "sha256:1489e263a8048bb8b6a8bac662eb2d402ea5d2b7b4699b72f385f1e2772db105", size = 4852708, upload-time = "2026-07-31T14:23:52.715Z" },
    { url = "https://files.pythonhosted.org/packages/27/20/c930314a2ab476d15dec966ec87e2e9637bb02b06106b12c0396c57bb603/cryptography-50.0.0-cp311-abi3-musllinux_1_2_x86_64.whl", hash = "sha256:7cec5b856506da6defb290f30c9ee687d5f5e8cb0bd3f6459dde43b0b4fa40ef", size = 5004179, upload-time = "2026-07-31T14:23:54.887Z" },
    { url = "https://files.pythonhosted.org/packages/d4/67/91eb047e69c5e845f2f14b8a2e4a1aab0f283cb885531e9e22c8adb176bc/cryptography-50.0.0-cp314-cp314t-manylinux2014_aarch64.manylinux_2_17_aarch64.whl", hash = "sha256:19736989797678c6af1e55cd49055cdbcb55d8f6b5583ac5335f933aba9101dc", size = 4700648, upload-time = "2026-07-31T14:24:00.702Z" },
    { url = "https://files.pythonhosted.org/packages/30/82/85f0f7425c856b9f96459411eb12e74ef72df9caf6f8f15bf23a33ff131f/cryptography-50.0.0-cp314-cp314t-manylinux2014_x86_64.manylinux_2_17_x86_64.whl", hash = "sha256:80b63928fa35083b33966ce1efb70e5b9607181e49dcd1c22c8c005e319f667f", size = 4682442, upload-time = "2026-07-31T14:24:02.538Z" },
    { url = "https://files.pythonhosted.org/packages/1a/28/b555a365adff1cca2fbe7b9e487d68a40de6bc67ff2cb587473eb43de0e7/cryptography-50.0.0-cp314-cp314t-manylinux_2_28_aarch64.whl", hash = "sha256:d58c3db7cd6eed54e6c06744db55456b65ebd7492ddeae9c1e93cfca7aa857d3", size = 4707596, upload-time = "2026-07-31T14:24:04.394Z" },
    { url = "https://files.pythonhosted.org/packages/72/d8/f52538140cc719df62a01cf87d1c7142318d235817109d6f4054d7c352d6/cryptography-50.0.0-cp314-cp314t-manylinux_2_28_ppc64le.whl", hash = "sha256:df2a58a472f332225671c35b0a830208b86d004f82baa8530fa3782c85646533", size = 5314552, upload-time = "2026-07-31T14:24:06.31Z" },
    { url = "https://files.pythonhosted.org/packages/38/14/6120e5bd7c5aa022ad15424ba4d5c5269d0d9448ed4d55e492ea91e3c1c4/cryptography-50.0.0-cp314-cp314t-manylinux_2_28_x86_64.whl", hash = "sha256:11b74db56cdbe3cdee6e3f6982ecb70334fa10dce99ed58bf7894aaaa3b2a037", size = 4717113, upload-time = "2026-07-31T14:24:08.349Z" },
    { url = "https://files.pythonhosted.org/packages/fa/71/190bf38c3ee2e0f8efc9860ae100c9df4169742eef274b91e7aa1cb133b9/cryptography-50.0.0-cp314-cp314t-manylinux_2_31_armv7l.whl", hash = "sha256:f59e38625469987d7ef6d495323c55e7db6c212eaf6112267e0d3b565a2e9c9f", size = 4338580, upload-time = "2026-07-31T14:24:10.227Z" },
    { url = "https://files.pythonhosted.org/packages/3a/63/504ccfbbe61fd8aa983f7f146399cdf034c72c2fc55f5b2dfdcdcdb20c99/cryptography-50.0.0-cp314-cp314t-manylinux_2_34_aarch64.whl", hash = "sha256:ecfed7367f965a0328cfbdd70da860f15441f002f613185668c6e6ebf5a0ac11", size = 4707038, upload-time = "2026-07-31T14:24:12.169Z" },
    { url = "https://files.pythonhosted.org/packages/01/77/2cf79bbfc4d12ca106437a6e170d6aaa01a373e93093118aaaef0e801bd4/cryptography-50.0.0-cp314-cp314t-manylinux_2_34_ppc64le.whl", hash = "sha256:9aa87839c383bdbab6ef865787a1fb877af8dd03464c4400322726feaaadfc6d", size = 5273110, upload-time = "2026-07-31T14:24:14.38Z" },
    { url = "https://files.pythonhosted.org/packages/e5/45/8aae2972c520145377ea3559a605a899bebe227bf070b33cdb445929a9b9/cryptography-50.0.0-cp314-cp314t-manylinux_2_34_x86_64.whl", hash = "sha256:6ba6a53445bd3cfa809ef3ef5f1589aa6ba08784a1d962bf47d0940e871dab1c", size = 4716439, upload-time = "2026-07-31T14:24:16.415Z" },
    { url = "https://files.pythonhosted.org/packages/7b/20/4fe50b619a48c2525cc46e2dbc1ac490708d704be5d467bdaac6dc955682/cryptography-50.0.0-cp314-cp314t-musllinux_1_2_aarch64.whl", hash = "sha256:3f5735ffe4996d28b809371756219f5354864902a3b9e7c0b9ee87041209fc9c", size = 4837383, upload-time = "2026-07-31T14:24:18.553Z" },
    { url = "https://files.pythonhosted.org/packages/92/91/3a31366e183343d3703f8995c095f5734676bd6938118047e50fcf279eb4/cryptography-50.0.0-cp314-cp314t-musllinux_1_2_x86_64.whl", hash = "sha256:1b4a266766514614f8aa60416e71f2fc6e575d36e7bdc90f644fadb2f4b75b95", size = 4985772, upload-time = "2026-07-31T14:24:20.385Z" },
    { url = "https://files.pythonhosted.org/packages/ff/c6/7a6202a534e32103a285b7834a120869557fe198d51d7cfe59754c8bda9c/cryptography-50.0.0-cp39-abi3-manylinux2014_aarch64.manylinux_2_17_aarch64.whl", hash = "sha256:910e1d2668e7de9648f2bcee30e180db2a6b15c30f887d7c4c93ddf96e3992e3", size = 4745252, upload-time = "2026-07-31T14:24:26.118Z" },
    { url = "https://files.pythonhosted.org/packages/85/4f/0fa8c2f4428198f15d9ff8d63400e27afbf94ce833f6108da1eb3753f945/cryptography-50.0.0-cp39-abi3-manylinux2014_x86_64.manylinux_2_17_x86_64.whl", hash = "sha256:a91296cb61e8df6f86d0c19cc4068228da256bf59bf86049fbd821084565327f", size = 4728939, upload-time = "2026-07-31T14:24:27.994Z" },
    { url = "https://files.pythonhosted.org/packages/d1/63/54dd723490ba2dc09b299682c10b38db38f159728bcaae8c591b8af2f22d/cryptography-50.0.0-cp39-abi3-manylinux_2_28_aarch64.whl", hash = "sha256:e722f16708d854fe924790e051061f6704a472c3bac347b6fd88033ea8dd0dc5", size = 4748483, upload-time = "2026-07-31T14:24:30.254Z" },
    { url = "https://files.pythonhosted.org/packages/1d/dd/7c77d26285cc7f6991efce64a0f5b4f9383bfa5dd8c5033003eaf7db4cdb/cryptography-50.0.0-cp39-abi3-manylinux_2_28_ppc64le.whl", hash = "sha256:d764dcf130c428ef66786f866dd750f53182bc608813489915e9fc106bb0c82f", size = 5367599, upload-time = "2026-07-31T14:24:32.457Z" },
    { url = "https://files.pythonhosted.org/packages/46/c9/f60aed34c013f317f92817b6c171c2d22a78270fa41109bd4b08af26b194/cryptography-50.0.0-cp39-abi3-manylinux_2_28_x86_64.whl", hash = "sha256:105110f43a471dbd0060b9c9516cb8a6a79233631a04cc2ba16f28323ac6e025", size = 4762647, upload-time = "2026-07-31T14:24:34.599Z" },
    { url = "https://files.pythonhosted.org/packages/be/f3/f9a0173b139372c3a48ed98154b45cc6b9de17c789d5ab552e621c293609/cryptography-50.0.0-cp39-abi3-manylinux_2_31_armv7l.whl", hash = "sha256:828743d939e9629bc267b8e2d08d8bb67cd4319c771a33d4b18b22dd8fb7440a", size = 4385197, upload-time = "2026-07-31T14:24:36.647Z" },
    { url = "https://files.pythonhosted.org/packages/d8/36/83bb81f6e569bc38e1e4a7bc80f29b46bb9601920bc455fc8e888f5d5742/cryptography-50.0.0-cp39-abi3-manylinux_2_34_aarch64.whl", hash = "sha256:2a8183b489dc1f7f80f135780fadc1108f14b31b8a40411c7a5b17425f65f28b", size = 4748095, upload-time = "2026-07-31T14:24:39.493Z" },
    { url = "https://files.pythonhosted.org/packages/6b/16/d3008eff98c764979865834c3d386d4fd041b5f52e7f34fc29ac1a5eb515/cryptography-50.0.0-cp39-abi3-manylinux_2_34_ppc64le.whl", hash = "sha256:6e7d61120573a7f2cd94cc095f9e81f6967c61ccdf194285aa143ecec8e0b708", size = 5325948, upload-time = "2026-07-31T14:24:41.556Z" },
    { url = "https://files.pythonhosted.org/packages/9c/f8/d97f9603efda3888187bfdb893f26c41be4735c10631d05d284ee6b047c4/cryptography-50.0.0-cp39-abi3-manylinux_2_34_x86_64.whl", hash = "sha256:37fdb0d0111f1e2ff07139dfb79f1b49531f8e213c46f1163dd7642979b58c47", size = 4762400, upload-time = "2026-07-31T14:24:43.636Z" },
    { url = "https://files.pythonhosted.org/packages/64/a2/4615c8f7d81a00b1d6e6afe19f694e1543582349fb5f4076f6cb5dc36485/cryptography-50.0.0-cp39-abi3-musllinux_1_2_aarch64.whl", hash = "sha256:c87f62a3d3b9888ed0fdde100ec06aa61ca9cd44bad9057d1dff9a516b5f5bb9", size = 4878208, upload-time = "2026-07-31T14:24:45.522Z" },
    { url = "https://files.pythonhosted.org/packages/d2/1a/efcfb02f91407149a0dacffffab791f7e19bf6385f63b3666dc8b5e5c9c8/cryptography-50.0.0-cp39-abi3-musllinux_1_2_x86_64.whl", hash = "sha256:65c2c3add92b45fd0709db8594536aea39c2a67af0e27ffcf049c498501140b7", size = 5037050, upload-time = "2026-07-31T14:24:47.697Z" },
    { url = "https://files.pythonhosted.org/packages/01/b6/0b9e125e90f3d2dcf599a218a899cda7326a3158cfa258723f0b398b08f6/cryptography-50.0.0-pp311-pypy311_pp73-manylinux_2_28_aarch64.whl", hash = "sha256:8eb5e1172eb569ea8a872796576e6a67c276351728b6455d5beb01242b027c6a", size = 4692441, upload-time = "2026-07-31T14:24:53.743Z" },
    { url = "https://files.pythonhosted.org/packages/53/c9/a5151588710785a96d7bc4de27d4cd62f263bbbcb203cfe29df537eb6505/cryptography-50.0.0-pp311-pypy311_pp73-manylinux_2_28_x86_64.whl", hash = "sha256:910d11e1a385c654bf738bf3e6b8e6ed5de0f5610fcae2be9e5b398d8081d20e", size = 4699810, upload-time = "2026-07-31T14:24:55.746Z" },
    { url = "https://files.pythonhosted.org/packages/c7/1a/15b92b25eb6ce3089cd49377ae990a0f3ad485a510f968aed1f19dbdcdf2/cryptography-50.0.0-pp311-pypy311_pp73-manylinux_2_34_aarch64.whl", hash = "sha256:62598a8a57f815db4c6259a4e97d857dab56697e7de8e8ab02352ab74da1995d", size = 4691924, upload-time = "2026-07-31T14:24:58.082Z" },
    { url = "https://files.pythonhosted.org/packages/62/15/219075012ab13e8905f3cd572204f4acb4b111df787104346b9bc0cea789/cryptography-50.0.0-pp311-pypy311_pp73-manylinux_2_34_x86_64.whl", hash = "sha256:07479a1cb08219ab719147e742e76090c9c773321959bb94946fffdd397a6437", size = 4699593, upload-time = "2026-07-31T14:24:59.951Z" },
]

[[package]]
name = "editor"
version = "1.8.0"
source = { registry = "https://pypi.org/simple" }
dependencies = [
    { name = "runs" },
    { name = "xmod" },
]
sdist = { url = "https://files.pythonhosted.org/packages/ae/5f/fe06c2a13a5282dcef4c7133bb348d4125a9aa69c5fb49037a004599d73a/editor-1.8.0.tar.gz", hash = "sha256:b07e1bbcb8b33f05c2e6ed3ce77ee9756354ada840a18aad7c0536d967fe4c0b", size = 27455, upload-time = "2026-05-09T13:42:59.796Z" }
wheels = [
    { url = "https://files.pythonhosted.org/packages/55/b8/6648cadf38b61045262bf2a534e526f04eb833275ad1fc77a2026e9f7e3a/editor-1.8.0-py3-none-any.whl", hash = "sha256:7d47ff88ae6c5f6c43d28c30b6f7fd59a24741175a1771ab06c969d946d7dfd0", size = 4012, upload-time = "2026-05-09T13:43:00.847Z" },
]

[[package]]
name = "importlib-metadata"
version = "9.0.0"
source = { registry = "https://pypi.org/simple" }
dependencies = [
    { name = "zipp" },
]
sdist = { url = "https://files.pythonhosted.org/packages/a9/01/15bb152d77b21318514a96f43af312635eb2500c96b55398d020c93d86ea/importlib_metadata-9.0.0.tar.gz", hash = "sha256:a4f57ab599e6a2e3016d7595cfd72eb4661a5106e787a95bcc90c7105b831efc", size = 56405, upload-time = "2026-03-20T06:42:56.999Z" }
wheels = [
    { url = "https://files.pythonhosted.org/packages/38/3d/2d244233ac4f76e38533cfcb2991c9eb4c7bf688ae0a036d30725b8faafe/importlib_metadata-9.0.0-py3-none-any.whl", hash = "sha256:2d21d1cc5a017bd0559e36150c21c830ab1dc304dedd1b7ea85d20f45ef3edd7", size = 27789, upload-time = "2026-03-20T06:42:55.665Z" },
]

[[package]]
name = "inquirer"
version = "3.4.1"
source = { registry = "https://pypi.org/simple" }
dependencies = [
    { name = "blessed" },
    { name = "editor" },
    { name = "readchar" },
]
sdist = { url = "https://files.pythonhosted.org/packages/c1/79/165579fdcd3c2439503732ae76394bf77f5542f3dd18135b60e808e4813c/inquirer-3.4.1.tar.gz", hash = "sha256:60d169fddffe297e2f8ad54ab33698249ccfc3fc377dafb1e5cf01a0efb9cbe5", size = 14069, upload-time = "2025-08-02T18:36:27.901Z" }
wheels = [
    { url = "https://files.pythonhosted.org/packages/f0/fd/7c404169a3e04a908df0644893a331f253a7f221961f2b6c0cf44430ae5a/inquirer-3.4.1-py3-none-any.whl", hash = "sha256:717bf146d547b595d2495e7285fd55545cff85e5ce01decc7487d2ec6a605412", size = 18152, upload-time = "2025-08-02T18:36:26.753Z" },
]

[[package]]
name = "jaraco-classes"
version = "3.4.0"
source = { registry = "https://pypi.org/simple" }
dependencies = [
    { name = "more-itertools" },
]
sdist = { url = "https://files.pythonhosted.org/packages/06/c0/ed4a27bc5571b99e3cff68f8a9fa5b56ff7df1c2251cc715a652ddd26402/jaraco.classes-3.4.0.tar.gz", hash = "sha256:47a024b51d0239c0dd8c8540c6c7f484be3b8fcf0b2d85c13825780d3b3f3acd", size = 11780, upload-time = "2024-03-31T07:27:36.643Z" }
wheels = [
    { url = "https://files.pythonhosted.org/packages/7f/66/b15ce62552d84bbfcec9a4873ab79d993a1dd4edb922cbfccae192bd5b5f/jaraco.classes-3.4.0-py3-none-any.whl", hash = "sha256:f662826b6bed8cace05e7ff873ce0f9283b5c924470fe664fff1c2f00f581790", size = 6777, upload-time = "2024-03-31T07:27:34.792Z" },
]

[[package]]
name = "jaraco-context"
version = "6.1.2"
source = { registry = "https://pypi.org/simple" }
dependencies = [
    { name = "backports-tarfile", marker = "python_full_version < '3.12'" },
]
sdist = { url = "https://files.pythonhosted.org/packages/af/50/4763cd07e722bb6285316d390a164bc7e479db9d90daa769f22578f698b4/jaraco_context-6.1.2.tar.gz", hash = "sha256:f1a6c9d391e661cc5b8d39861ff077a7dc24dc23833ccee564b234b81c82dfe3", size = 16801, upload-time = "2026-03-20T22:13:33.922Z" }
wheels = [
    { url = "https://files.pythonhosted.org/packages/f2/58/bc8954bda5fcda97bd7c19be11b85f91973d67a706ed4a3aec33e7de22db/jaraco_context-6.1.2-py3-none-any.whl", hash = "sha256:bf8150b79a2d5d91ae48629d8b427a8f7ba0e1097dd6202a9059f29a36379535", size = 7871, upload-time = "2026-03-20T22:13:32.808Z" },
]

[[package]]
name = "jaraco-functools"
version = "4.6.0"
source = { registry = "https://pypi.org/simple" }
dependencies = [
    { name = "more-itertools" },
]
sdist = { url = "https://files.pythonhosted.org/packages/6c/1f/c23395957d41ccf27c4e535c3d334c4051e5395b3752057ba4cbaec35c56/jaraco_functools-4.6.0.tar.gz", hash = "sha256:880c577ec9720b3a052d5bc611fb9f2269b3d87902ef42440df443b88e443280", size = 20837, upload-time = "2026-07-14T01:28:02.544Z" }
wheels = [
    { url = "https://files.pythonhosted.org/packages/02/36/ecc85bc96c273dc8a11273ed4782272975e6338d4a3e9228621175edf0e3/jaraco_functools-4.6.0-py3-none-any.whl", hash = "sha256:99e3dc0060c5cbe8fcd1cdb36258e2a65ca40f1566b2033b12abb1bb44dd3c30", size = 11677, upload-time = "2026-07-14T01:28:01.59Z" },
]

[[package]]
name = "jeepney"
version = "0.9.0"
source = { registry = "https://pypi.org/simple" }
sdist = { url = "https://files.pythonhosted.org/packages/7b/6f/357efd7602486741aa73ffc0617fb310a29b588ed0fd69c2399acbb85b0c/jeepney-0.9.0.tar.gz", hash = "sha256:cf0e9e845622b81e4a28df94c40345400256ec608d0e55bb8a3feaa9163f5732", size = 106758, upload-time = "2025-02-27T18:51:01.684Z" }
wheels = [
    { url = "https://files.pythonhosted.org/packages/b2/a3/e137168c9c44d18eff0376253da9f1e9234d0239e0ee230d2fee6cea8e55/jeepney-0.9.0-py3-none-any.whl", hash = "sha256:97e5714520c16fc0a45695e5365a2e11b81ea79bba796e26f9f1d178cb182683", size = 49010, upload-time = "2025-02-27T18:51:00.104Z" },
]

[[package]]
name = "jinxed"
version = "2.1.0"
source = { registry = "https://pypi.org/simple" }
dependencies = [
    { name = "ansicon", marker = "sys_platform == 'win32'" },
]
sdist = { url = "https://files.pythonhosted.org/packages/39/d7/6e6d474ec5eaeca6a61acc17766bb19563b3a372b4b9d92910078f5fe49f/jinxed-2.1.0.tar.gz", hash = "sha256:7e755b831faa2443d44fb4ce7c0202eb9c3ed39bd5bf1193365888f4f6092b54", size = 61287, upload-time = "2026-07-03T15:46:48.153Z" }
wheels = [
    { url = "https://files.pythonhosted.org/packages/f1/1d/0a6be99b69bb448448403a45a241aff0dca751832ae54f027ed940d2eb52/jinxed-2.1.0-py2.py3-none-any.whl", hash = "sha256:43b802d18b70e405d410fb66eb2837d1101e7e5ea922e666507bb43f34d11d09", size = 104999, upload-time = "2026-07-03T15:46:47.114Z" },
]

[[package]]
name = "jmespath"
version = "1.1.0"
source = { registry = "https://pypi.org/simple" }
sdist = { url = "https://files.pythonhosted.org/packages/d3/59/322338183ecda247fb5d1763a6cbe46eff7222eaeebafd9fa65d4bf5cb11/jmespath-1.1.0.tar.gz", hash = "sha256:472c87d80f36026ae83c6ddd0f1d05d4e510134ed462851fd5f754c8c3cbb88d", size = 27377, upload-time = "2026-01-22T16:35:26.279Z" }
wheels = [
    { url = "https://files.pythonhosted.org/packages/14/2f/967ba146e6d58cf6a652da73885f52fc68001525b4197effc174321d70b4/jmespath-1.1.0-py3-none-any.whl", hash = "sha256:a5663118de4908c91729bea0acadca56526eb2698e83de10cd116ae0f4e97c64", size = 20419, upload-time = "2026-01-22T16:35:24.919Z" },
]

[[package]]
name = "keyring"
version = "25.7.0"
source = { registry = "https://pypi.org/simple" }
dependencies = [
    { name = "importlib-metadata", marker = "python_full_version < '3.12'" },
    { name = "jaraco-classes" },
    { name = "jaraco-context" },
    { name = "jaraco-functools" },
    { name = "jeepney", marker = "sys_platform == 'linux'" },
    { name = "pywin32-ctypes", marker = "sys_platform == 'win32'" },
    { name = "secretstorage", marker = "sys_platform == 'linux'" },
]
sdist = { url = "https://files.pythonhosted.org/packages/43/4b/674af6ef2f97d56f0ab5153bf0bfa28ccb6c3ed4d1babf4305449668807b/keyring-25.7.0.tar.gz", hash = "sha256:fe01bd85eb3f8fb3dd0405defdeac9a5b4f6f0439edbb3149577f244a2e8245b", size = 63516, upload-time = "2025-11-16T16:26:09.482Z" }
wheels = [
    { url = "https://files.pythonhosted.org/packages/81/db/e655086b7f3a705df045bf0933bdd9c2f79bb3c97bfef1384598bb79a217/keyring-25.7.0-py3-none-any.whl", hash = "sha256:be4a0b195f149690c166e850609a477c532ddbfbaed96a404d4e43f8d5e2689f", size = 39160, upload-time = "2025-11-16T16:26:08.402Z" },
]

[[package]]
name = "more-itertools"
version = "11.1.0"
source = { registry = "https://pypi.org/simple" }
sdist = { url = "https://files.pythonhosted.org/packages/de/1d/f4da6f02cdffe04d6362210b807146a26044c88d839208aec273bb0d9184/more_itertools-11.1.0.tar.gz", hash = "sha256:48e8f4d9e7e5878571ecf6f2b4e57634f93cd474cc8cfbd2376f2d11b396e30d", size = 145772, upload-time = "2026-05-22T14:14:29.909Z" }
wheels = [
    { url = "https://files.pythonhosted.org/packages/e8/3d/1087453384dbde46a8c7f9356eead2c58be8a7bf156bca40243377c85715/more_itertools-11.1.0-py3-none-any.whl", hash = "sha256:4b65538ae22f6fed0ce4874efd317463a7489796a0939fa66824dd542125a192", size = 72226, upload-time = "2026-05-22T14:14:28.824Z" },
]

[[package]]
name = "pycparser"
version = "3.0"
source = { registry = "https://pypi.org/simple" }
sdist = { url = "https://files.pythonhosted.org/packages/1b/7d/92392ff7815c21062bea51aa7b87d45576f649f16458d78b7cf94b9ab2e6/pycparser-3.0.tar.gz", hash = "sha256:600f49d217304a5902ac3c37e1281c9fe94e4d0489de643a9504c5cdfdfc6b29", size = 103492, upload-time = "2026-01-21T14:26:51.89Z" }
wheels = [
    { url = "https://files.pythonhosted.org/packages/0c/c3/44f3fbbfa403ea2a7c779186dc20772604442dde72947e7d01069cbe98e3/pycparser-3.0-py3-none-any.whl", hash = "sha256:b727414169a36b7d524c1c3e31839a521725078d7b2ff038656844266160a992", size = 48172, upload-time = "2026-01-21T14:26:50.693Z" },
]

[[package]]
name = "pyperclip"
version = "1.11.0"
source = { registry = "https://pypi.org/simple" }
sdist = { url = "https://files.pythonhosted.org/packages/e8/52/d87eba7cb129b81563019d1679026e7a112ef76855d6159d24754dbd2a51/pyperclip-1.11.0.tar.gz", hash = "sha256:244035963e4428530d9e3a6101a1ef97209c6825edab1567beac148ccc1db1b6", size = 12185, upload-time = "2025-09-26T14:40:37.245Z" }
wheels = [
    { url = "https://files.pythonhosted.org/packages/df/80/fc9d01d5ed37ba4c42ca2b55b4339ae6e200b456be3a1aaddf4a9fa99b8c/pyperclip-1.11.0-py3-none-any.whl", hash = "sha256:299403e9ff44581cb9ba2ffeed69c7aa96a008622ad0c46cb575ca75b5b84273", size = 11063, upload-time = "2025-09-26T14:40:36.069Z" },
]

[[package]]
name = "python-dateutil"
version = "2.9.0.post0"
source = { registry = "https://pypi.org/simple" }
dependencies = [
    { name = "six" },
]
sdist = { url = "https://files.pythonhosted.org/packages/66/c0/0c8b6ad9f17a802ee498c46e004a0eb49bc148f2fd230864601a86dcf6db/python-dateutil-2.9.0.post0.tar.gz", hash = "sha256:37dd54208da7e1cd875388217d5e00ebd4179249f90fb72437e91a35459a0ad3", size = 342432, upload-time = "2024-03-01T18:36:20.211Z" }
wheels = [
    { url = "https://files.pythonhosted.org/packages/ec/57/56b9bcc3c9c6a792fcbaf139543cee77261f3651ca9da0c93f5c1221264b/python_dateutil-2.9.0.post0-py2.py3-none-any.whl", hash = "sha256:a8b2bc7bffae282281c8140a97d3aa9c14da0b136dfe83f850eea9a5f7470427", size = 229892, upload-time = "2024-03-01T18:36:18.57Z" },
]

[[package]]
name = "pywin32-ctypes"
version = "0.2.3"
source = { registry = "https://pypi.org/simple" }
sdist = { url = "https://files.pythonhosted.org/packages/85/9f/01a1a99704853cb63f253eea009390c88e7131c67e66a0a02099a8c917cb/pywin32-ctypes-0.2.3.tar.gz", hash = "sha256:d162dc04946d704503b2edc4d55f3dba5c1d539ead017afa00142c38b9885755", size = 29471, upload-time = "2024-08-14T10:15:34.626Z" }
wheels = [
    { url = "https://files.pythonhosted.org/packages/de/3d/8161f7711c017e01ac9f008dfddd9410dff3674334c233bde66e7ba65bbf/pywin32_ctypes-0.2.3-py3-none-any.whl", hash = "sha256:8a1513379d709975552d202d942d9837758905c8d01eb82b8bcc30918929e7b8", size = 30756, upload-time = "2024-08-14T10:15:33.187Z" },
]

[[package]]
name = "readchar"
version = "4.2.2"
source = { registry = "https://pypi.org/simple" }
sdist = { url = "https://files.pythonhosted.org/packages/ed/49/a10341024c45bed95d13197ec9ef0f4e2fd10b5ca6e7f8d7684d18082398/readchar-4.2.2.tar.gz", hash = "sha256:e3b270fe16fc90c50ac79107700330a133dd4c63d22939f5b03b4f24564d5dd8", size = 9762, upload-time = "2026-04-06T19:45:54.226Z" }
wheels = [
    { url = "https://files.pythonhosted.org/packages/3d/ca/36133653e00939922dd1416f4c56177361289172a30563fcb9552c9ccde4/readchar-4.2.2-py3-none-any.whl", hash = "sha256:92daf7e42c52b0787e6c75d01ecfb9a94f4ceff3764958b570c1dddedd47b200", size = 9401, upload-time = "2026-04-06T19:45:52.993Z" },
]

[[package]]
name = "runs"
version = "1.3.0"
source = { registry = "https://pypi.org/simple" }
dependencies = [
    { name = "xmod" },
]
sdist = { url = "https://files.pythonhosted.org/packages/f2/ae/095cb626504733e288a81f871f86b10530b787d77c50193c170daaca0df1/runs-1.3.0.tar.gz", hash = "sha256:cca304b631dbefec598c7bfbcfb50d6feace6d3a968734b67fd42d3c728f5a05", size = 4585, upload-time = "2026-02-03T15:59:58.974Z" }
wheels = [
    { url = "https://files.pythonhosted.org/packages/4f/b6/049c75d399ccf6e25abea0652b85bf7e7e101e0300aa9c1d284ad7061c0b/runs-1.3.0-py3-none-any.whl", hash = "sha256:e71a551cfa8da9ef882cac1d5a108bda78c9edee5b8d87e37c1003da5b6a7bed", size = 6406, upload-time = "2026-02-03T15:59:59.96Z" },
]

[[package]]
name = "s3transfer"
version = "0.19.2"
source = { registry = "https://pypi.org/simple" }
dependencies = [
    { name = "botocore" },
]
sdist = { url = "https://files.pythonhosted.org/packages/76/43/35e4d8aa320bffe8287fe8f65f578fa2d2db0a64212f0e710dce58267854/s3transfer-0.19.2.tar.gz", hash = "sha256:ba0309fd86be3c27dbf78cdd813c13c5e1df16e5874b99d2535ebbdfb9892993", size = 165592, upload-time = "2026-07-22T19:30:44.432Z" }
wheels = [
    { url = "https://files.pythonhosted.org/packages/bc/e7/5c595c75e9f41a44f30e526eda465ea0b4eec93470e074e4a111b253f13a/s3transfer-0.19.2-py3-none-any.whl", hash = "sha256:d8168eccca828cbb2cd573675333f3bddd254313a9c42494b84c76b539e8ba25", size = 90216, upload-time = "2026-07-22T19:30:43.251Z" },
]

[[package]]
name = "secretstorage"
version = "3.5.0"
source = { registry = "https://pypi.org/simple" }
dependencies = [
    { name = "cryptography" },
    { name = "jeepney" },
]
sdist = { url = "https://files.pythonhosted.org/packages/1c/03/e834bcd866f2f8a49a85eaff47340affa3bfa391ee9912a952a1faa68c7b/secretstorage-3.5.0.tar.gz", hash = "sha256:f04b8e4689cbce351744d5537bf6b1329c6fc68f91fa666f60a380edddcd11be", size = 19884, upload-time = "2025-11-23T19:02:53.191Z" }
wheels = [
    { url = "https://files.pythonhosted.org/packages/b7/46/f5af3402b579fd5e11573ce652019a67074317e18c1935cc0b4ba9b35552/secretstorage-3.5.0-py3-none-any.whl", hash = "sha256:0ce65888c0725fcb2c5bc0fdb8e5438eece02c523557ea40ce0703c266248137", size = 15554, upload-time = "2025-11-23T19:02:51.545Z" },
]

[[package]]
name = "six"
version = "1.17.0"
source = { registry = "https://pypi.org/simple" }
sdist = { url = "https://files.pythonhosted.org/packages/94/e7/b2c673351809dca68a0e064b6af791aa332cf192da575fd474ed7d6f16a2/six-1.17.0.tar.gz", hash = "sha256:ff70335d468e7eb6ec65b95b99d3a2836546063f63acc5171de367e834932a81", size = 34031, upload-time = "2024-12-04T17:35:28.174Z" }
wheels = [
    { url = "https://files.pythonhosted.org/packages/b7/ce/149a00dd41f10bc29e5921b496af8b574d8413afcd5e30dfa0ed46c2cc5e/six-1.17.0-py2.py3-none-any.whl", hash = "sha256:4721f391ed90541fddacab5acf947aa0d3dc7d27b2e1e8eda2be8970586c3274", size = 11050, upload-time = "2024-12-04T17:35:26.475Z" },
]

[[package]]
name = "urllib3"
version = "2.7.0"
source = { registry = "https://pypi.org/simple" }
sdist = { url = "https://files.pythonhosted.org/packages/53/0c/06f8b233b8fd13b9e5ee11424ef85419ba0d8ba0b3138bf360be2ff56953/urllib3-2.7.0.tar.gz", hash = "sha256:231e0ec3b63ceb14667c67be60f2f2c40a518cb38b03af60abc813da26505f4c", size = 433602, upload-time = "2026-05-07T16:13:18.596Z" }
wheels = [
    { url = "https://files.pythonhosted.org/packages/7f/3e/5db95bcf282c52709639744ca2a8b149baccf648e39c8cc87553df9eae0c/urllib3-2.7.0-py3-none-any.whl", hash = "sha256:9fb4c81ebbb1ce9531cce37674bbc6f1360472bc18ca9a553ede278ef7276897", size = 131087, upload-time = "2026-05-07T16:13:17.151Z" },
]

[[package]]
name = "wcwidth"
version = "0.8.2"
source = { registry = "https://pypi.org/simple" }
sdist = { url = "https://files.pythonhosted.org/packages/34/74/c6428f875774288bec1396f5bfcbc2d925700a4dad61727fd5f2b12f249d/wcwidth-0.8.2.tar.gz", hash = "sha256:91fbef97204b96a3d4d421609b80340b760cf33e26da123ff243d76b1fda8dda", size = 1466253, upload-time = "2026-06-29T18:11:11.601Z" }
wheels = [
    { url = "https://files.pythonhosted.org/packages/96/42/3e5985a0a7e57de470b320c6d6a1a67c844f6737a587f3d44dd13d1819e7/wcwidth-0.8.2-py3-none-any.whl", hash = "sha256:d63947694a0539a1d51e01eda7caf800c291020e6cdd7e28ad7b14dd33ad4f85", size = 323166, upload-time = "2026-06-29T18:11:09.888Z" },
]

[[package]]
name = "xmod"
version = "1.10.0"
source = { registry = "https://pypi.org/simple" }
sdist = { url = "https://files.pythonhosted.org/packages/7a/3b/5a0d2670bab661164e27a5c27c448ae6204458c97cb94ccf89d0c47715bc/xmod-1.10.0.tar.gz", hash = "sha256:b40b2a54d56684b01eb9627892b0c179918e8ef0bd4d7f3bac7a3fdba11cd6e6", size = 17862, upload-time = "2026-05-09T13:46:46.684Z" }
wheels = [
    { url = "https://files.pythonhosted.org/packages/cb/e9/c362d47ed2b1928d65d61888c1419fae8ef69417fba2067d2fd3da1d400b/xmod-1.10.0-py3-none-any.whl", hash = "sha256:bebf8493b7ac63097401590a329c9ed20da224de0583a522e7ccb634af122f5a", size = 4661, upload-time = "2026-05-09T13:46:45.776Z" },
]

[[package]]
name = "zipp"
version = "4.1.0"
source = { registry = "https://pypi.org/simple" }
sdist = { url = "https://files.pythonhosted.org/packages/b9/d8/eab98a517c14134c0b2eb4e2387bc5f457334293ec5d2dd3857ec2966802/zipp-4.1.0.tar.gz", hash = "sha256:4cb57381f544315db7688e976e922a2b18cdb513d21cc194eb42232ba2a3e602", size = 26214, upload-time = "2026-05-18T20:08:57.967Z" }
wheels = [
    { url = "https://files.pythonhosted.org/packages/3a/13/547360d81e6d88d58492968ffda9f9542854f11310ee556fef14260cc886/zipp-4.1.0-py3-none-any.whl", hash = "sha256:25ad4e16390cd314347dd8f1de67a2ac538ae658ed4ab9db16029c07c188e97f", size = 10238, upload-time = "2026-05-18T20:08:57.045Z" },
]
